// !$*UTF8*$!
{
	archiveVersion = 1;
	classes = {
	};
	objectVersion = 46;
	objects = {

/* Begin PBXBuildFile section */
		53438CA416C0F2AF006771DE /* UIKit.framework in Frameworks */ = {isa = PBXBuildFile; fileRef = 53438CA316C0F2AF006771DE /* UIKit.framework */; };
		53438CA616C0F2AF006771DE /* Foundation.framework in Frameworks */ = {isa = PBXBuildFile; fileRef = 53438CA516C0F2AF006771DE /* Foundation.framework */; };
		53438CA816C0F2AF006771DE /* CoreGraphics.framework in Frameworks */ = {isa = PBXBuildFile; fileRef = 53438CA716C0F2AF006771DE /* CoreGraphics.framework */; };
		53438CAE16C0F2AF006771DE /* InfoPlist.strings in Resources */ = {isa = PBXBuildFile; fileRef = 53438CAC16C0F2AF006771DE /* InfoPlist.strings */; };
		53438CB016C0F2AF006771DE /* main.m in Sources */ = {isa = PBXBuildFile; fileRef = 53438CAF16C0F2AF006771DE /* main.m */; };
		53438CB416C0F2AF006771DE /* AppDelegate.m in Sources */ = {isa = PBXBuildFile; fileRef = 53438CB316C0F2AF006771DE /* AppDelegate.m */; };
		53438CB616C0F2AF006771DE /* Default.png in Resources */ = {isa = PBXBuildFile; fileRef = 53438CB516C0F2AF006771DE /* Default.png */; };
		53438CB816C0F2AF006771DE /* Default@2x.png in Resources */ = {isa = PBXBuildFile; fileRef = 53438CB716C0F2AF006771DE /* Default@2x.png */; };
		53438CBA16C0F2AF006771DE /* Default-568h@2x.png in Resources */ = {isa = PBXBuildFile; fileRef = 53438CB916C0F2AF006771DE /* Default-568h@2x.png */; };
		53438CBD16C0F2AF006771DE /* MainStoryboard_iPhone.storyboard in Resources */ = {isa = PBXBuildFile; fileRef = 53438CBB16C0F2AF006771DE /* MainStoryboard_iPhone.storyboard */; };
		53438CC016C0F2AF006771DE /* MainStoryboard_iPad.storyboard in Resources */ = {isa = PBXBuildFile; fileRef = 53438CBE16C0F2AF006771DE /* MainStoryboard_iPad.storyboard */; };
		53438CC316C0F2AF006771DE /* ViewController.m in Sources */ = {isa = PBXBuildFile; fileRef = 53438CC216C0F2AF006771DE /* ViewController.m */; };
		53438CCB16C0F2B0006771DE /* SenTestingKit.framework in Frameworks */ = {isa = PBXBuildFile; fileRef = 53438CCA16C0F2B0006771DE /* SenTestingKit.framework */; };
		53438CCC16C0F2B0006771DE /* UIKit.framework in Frameworks */ = {isa = PBXBuildFile; fileRef = 53438CA316C0F2AF006771DE /* UIKit.framework */; };
		53438CCD16C0F2B0006771DE /* Foundation.framework in Frameworks */ = {isa = PBXBuildFile; fileRef = 53438CA516C0F2AF006771DE /* Foundation.framework */; };
		53438CD516C0F2B0006771DE /* InfoPlist.strings in Resources */ = {isa = PBXBuildFile; fileRef = 53438CD316C0F2B0006771DE /* InfoPlist.strings */; };
		53438CD816C0F2B0006771DE /* morph_blassTests.m in Sources */ = {isa = PBXBuildFile; fileRef = 53438CD716C0F2B0006771DE /* morph_blassTests.m */; };
		53438CE816C1002E006771DE /* UI.png in Resources */ = {isa = PBXBuildFile; fileRef = 53438CE716C1002E006771DE /* UI.png */; };
		53438CE916C21409006771DE /* UI.png in Resources */ = {isa = PBXBuildFile; fileRef = 53438CE716C1002E006771DE /* UI.png */; };
		53438CEC16C25A93006771DE /* 001.mov in Resources */ = {isa = PBXBuildFile; fileRef = 53438CEA16C25A93006771DE /* 001.mov */; };
		53438CED16C25A93006771DE /* 002.mov in Resources */ = {isa = PBXBuildFile; fileRef = 53438CEB16C25A93006771DE /* 002.mov */; };
		53438CEF16C25DE8006771DE /* MediaPlayer.framework in Frameworks */ = {isa = PBXBuildFile; fileRef = 53438CEE16C25DE8006771DE /* MediaPlayer.framework */; };
/* End PBXBuildFile section */

/* Begin PBXContainerItemProxy section */
		53438CCE16C0F2B0006771DE /* PBXContainerItemProxy */ = {
			isa = PBXContainerItemProxy;
			containerPortal = 53438C9816C0F2AF006771DE /* Project object */;
			proxyType = 1;
			remoteGlobalIDString = 53438C9F16C0F2AF006771DE;
			remoteInfo = morph_blass;
		};
/* End PBXContainerItemProxy section */

/* Begin PBXFileReference section */
		53438CA016C0F2AF006771DE /* morph_blass.app */ = {isa = PBXFileReference; explicitFileType = wrapper.application; includeInIndex = 0; path = morph_blass.app; sourceTree = BUILT_PRODUCTS_DIR; };
		53438CA316C0F2AF006771DE /* UIKit.framework */ = {isa = PBXFileReference; lastKnownFileType = wrapper.framework; name = UIKit.framework; path = System/Library/Frameworks/UIKit.framework; sourceTree = SDKROOT; };
		53438CA516C0F2AF006771DE /* Foundation.framework */ = {isa = PBXFileReference; lastKnownFileType = wrapper.framework; name = Foundation.framework; path = System/Library/Frameworks/Foundation.framework; sourceTree = SDKROOT; };
		53438CA716C0F2AF006771DE /* CoreGraphics.framework */ = {isa = PBXFileReference; lastKnownFileType = wrapper.framework; name = CoreGraphics.framework; path = System/Library/Frameworks/CoreGraphics.framework; sourceTree = SDKROOT; };
		53438CAB16C0F2AF006771DE /* morph_blass-Info.plist */ = {isa = PBXFileReference; lastKnownFileType = text.plist.xml; path = "morph_blass-Info.plist"; sourceTree = "<group>"; };
		53438CAD16C0F2AF006771DE /* en */ = {isa = PBXFileReference; lastKnownFileType = text.plist.strings; name = en; path = en.lproj/InfoPlist.strings; sourceTree = "<group>"; };
		53438CAF16C0F2AF006771DE /* main.m */ = {isa = PBXFileReference; lastKnownFileType = sourcecode.c.objc; path = main.m; sourceTree = "<group>"; };
		53438CB116C0F2AF006771DE /* morph_blass-Prefix.pch */ = {isa = PBXFileReference; lastKnownFileType = sourcecode.c.h; path = "morph_blass-Prefix.pch"; sourceTree = "<group>"; };
		53438CB216C0F2AF006771DE /* AppDelegate.h */ = {isa = PBXFileReference; lastKnownFileType = sourcecode.c.h; path = AppDelegate.h; sourceTree = "<group>"; };
		53438CB316C0F2AF006771DE /* AppDelegate.m */ = {isa = PBXFileReference; lastKnownFileType = sourcecode.c.objc; path = AppDelegate.m; sourceTree = "<group>"; };
		53438CB516C0F2AF006771DE /* Default.png */ = {isa = PBXFileReference; lastKnownFileType = image.png; path = Default.png; sourceTree = "<group>"; };
		53438CB716C0F2AF006771DE /* Default@2x.png */ = {isa = PBXFileReference; lastKnownFileType = image.png; path = "Default@2x.png"; sourceTree = "<group>"; };
		53438CB916C0F2AF006771DE /* Default-568h@2x.png */ = {isa = PBXFileReference; lastKnownFileType = image.png; path = "Default-568h@2x.png"; sourceTree = "<group>"; };
		53438CBC16C0F2AF006771DE /* en */ = {isa = PBXFileReference; lastKnownFileType = file.storyboard; name = en; path = en.lproj/MainStoryboard_iPhone.storyboard; sourceTree = "<group>"; };
		53438CBF16C0F2AF006771DE /* en */ = {isa = PBXFileReference; lastKnownFileType = file.storyboard; name = en; path = en.lproj/MainStoryboard_iPad.storyboard; sourceTree = "<group>"; };
		53438CC116C0F2AF006771DE /* ViewController.h */ = {isa = PBXFileReference; lastKnownFileType = sourcecode.c.h; path = ViewController.h; sourceTree = "<group>"; };
		53438CC216C0F2AF006771DE /* ViewController.m */ = {isa = PBXFileReference; lastKnownFileType = sourcecode.c.objc; path = ViewController.m; sourceTree = "<group>"; };
		53438CC916C0F2B0006771DE /* morph_blassTests.octest */ = {isa = PBXFileReference; explicitFileType = wrapper.cfbundle; includeInIndex = 0; path = morph_blassTests.octest; sourceTree = BUILT_PRODUCTS_DIR; };
		53438CCA16C0F2B0006771DE /* SenTestingKit.framework */ = {isa = PBXFileReference; lastKnownFileType = wrapper.framework; name = SenTestingKit.framework; path = Library/Frameworks/SenTestingKit.framework; sourceTree = DEVELOPER_DIR; };
		53438CD216C0F2B0006771DE /* morph_blassTests-Info.plist */ = {isa = PBXFileReference; lastKnownFileType = text.plist.xml; path = "morph_blassTests-Info.plist"; sourceTree = "<group>"; };
		53438CD416C0F2B0006771DE /* en */ = {isa = PBXFileReference; lastKnownFileType = text.plist.strings; name = en; path = en.lproj/InfoPlist.strings; sourceTree = "<group>"; };
		53438CD616C0F2B0006771DE /* morph_blassTests.h */ = {isa = PBXFileReference; lastKnownFileType = sourcecode.c.h; path = morph_blassTests.h; sourceTree = "<group>"; };
		53438CD716C0F2B0006771DE /* morph_blassTests.m */ = {isa = PBXFileReference; lastKnownFileType = sourcecode.c.objc; path = morph_blassTests.m; sourceTree = "<group>"; };
		53438CE716C1002E006771DE /* UI.png */ = {isa = PBXFileReference; lastKnownFileType = image.png; name = UI.png; path = ../UI.png; sourceTree = "<group>"; };
		53438CEA16C25A93006771DE /* 001.mov */ = {isa = PBXFileReference; lastKnownFileType = video.quicktime; path = 001.mov; sourceTree = "<group>"; };
		53438CEB16C25A93006771DE /* 002.mov */ = {isa = PBXFileReference; lastKnownFileType = video.quicktime; path = 002.mov; sourceTree = "<group>"; };
		53438CEE16C25DE8006771DE /* MediaPlayer.framework */ = {isa = PBXFileReference; lastKnownFileType = wrapper.framework; name = MediaPlayer.framework; path = System/Library/Frameworks/MediaPlayer.framework; sourceTree = SDKROOT; };
/* End PBXFileReference section */

/* Begin PBXFrameworksBuildPhase section */
		53438C9D16C0F2AF006771DE /* Frameworks */ = {
			isa = PBXFrameworksBuildPhase;
			buildActionMask = 2147483647;
			files = (
				53438CEF16C25DE8006771DE /* MediaPlayer.framework in Frameworks */,
				53438CA416C0F2AF006771DE /* UIKit.framework in Frameworks */,
				53438CA616C0F2AF006771DE /* Foundation.framework in Frameworks */,
				53438CA816C0F2AF006771DE /* CoreGraphics.framework in Frameworks */,
			);
			runOnlyForDeploymentPostprocessing = 0;
		};
		53438CC516C0F2B0006771DE /* Frameworks */ = {
			isa = PBXFrameworksBuildPhase;
			buildActionMask = 2147483647;
			files = (
				53438CCB16C0F2B0006771DE /* SenTestingKit.framework in Frameworks */,
				53438CCC16C0F2B0006771DE /* UIKit.framework in Frameworks */,
				53438CCD16C0F2B0006771DE /* Foundation.framework in Frameworks */,
			);
			runOnlyForDeploymentPostprocessing = 0;
		};
/* End PBXFrameworksBuildPhase section */

/* Begin PBXGroup section */
		53438C9716C0F2AF006771DE = {
			isa = PBXGroup;
			children = (
				53438CEE16C25DE8006771DE /* MediaPlayer.framework */,
				53438CA916C0F2AF006771DE /* morph_blass */,
				53438CD016C0F2B0006771DE /* morph_blassTests */,
				53438CA216C0F2AF006771DE /* Frameworks */,
				53438CA116C0F2AF006771DE /* Products */,
			);
			sourceTree = "<group>";
		};
		53438CA116C0F2AF006771DE /* Products */ = {
			isa = PBXGroup;
			children = (
				53438CA016C0F2AF006771DE /* morph_blass.app */,
				53438CC916C0F2B0006771DE /* morph_blassTests.octest */,
			);
			name = Products;
			sourceTree = "<group>";
		};
		53438CA216C0F2AF006771DE /* Frameworks */ = {
			isa = PBXGroup;
			children = (
				53438CA316C0F2AF006771DE /* UIKit.framework */,
				53438CA516C0F2AF006771DE /* Foundation.framework */,
				53438CA716C0F2AF006771DE /* CoreGraphics.framework */,
				53438CCA16C0F2B0006771DE /* SenTestingKit.framework */,
			);
			name = Frameworks;
			sourceTree = "<group>";
		};
		53438CA916C0F2AF006771DE /* morph_blass */ = {
			isa = PBXGroup;
			children = (
				53438CEA16C25A93006771DE /* 001.mov */,
				53438CEB16C25A93006771DE /* 002.mov */,
				53438CE716C1002E006771DE /* UI.png */,
				53438CB216C0F2AF006771DE /* AppDelegate.h */,
				53438CB316C0F2AF006771DE /* AppDelegate.m */,
				53438CBB16C0F2AF006771DE /* MainStoryboard_iPhone.storyboard */,
				53438CBE16C0F2AF006771DE /* MainStoryboard_iPad.storyboard */,
				53438CC116C0F2AF006771DE /* ViewController.h */,
				53438CC216C0F2AF006771DE /* ViewController.m */,
				53438CAA16C0F2AF006771DE /* Supporting Files */,
			);
			path = morph_blass;
			sourceTree = "<group>";
		};
		53438CAA16C0F2AF006771DE /* Supporting Files */ = {
			isa = PBXGroup;
			children = (
				53438CAB16C0F2AF006771DE /* morph_blass-Info.plist */,
				53438CAC16C0F2AF006771DE /* InfoPlist.strings */,
				53438CAF16C0F2AF006771DE /* main.m */,
				53438CB116C0F2AF006771DE /* morph_blass-Prefix.pch */,
				53438CB516C0F2AF006771DE /* Default.png */,
				53438CB716C0F2AF006771DE /* Default@2x.png */,
				53438CB916C0F2AF006771DE /* Default-568h@2x.png */,
			);
			name = "Supporting Files";
			sourceTree = "<group>";
		};
		53438CD016C0F2B0006771DE /* morph_blassTests */ = {
			isa = PBXGroup;
			children = (
				53438CD616C0F2B0006771DE /* morph_blassTests.h */,
				53438CD716C0F2B0006771DE /* morph_blassTests.m */,
				53438CD116C0F2B0006771DE /* Supporting Files */,
			);
			path = morph_blassTests;
			sourceTree = "<group>";
		};
		53438CD116C0F2B0006771DE /* Supporting Files */ = {
			isa = PBXGroup;
			children = (
				53438CD216C0F2B0006771DE /* morph_blassTests-Info.plist */,
				53438CD316C0F2B0006771DE /* InfoPlist.strings */,
			);
			name = "Supporting Files";
			sourceTree = "<group>";
		};
/* End PBXGroup section */

/* Begin PBXNativeTarget section */
		53438C9F16C0F2AF006771DE /* morph_blass */ = {
			isa = PBXNativeTarget;
			buildConfigurationList = 53438CDB16C0F2B0006771DE /* Build configuration list for PBXNativeTarget "morph_blass" */;
			buildPhases = (
				53438C9C16C0F2AF006771DE /* Sources */,
				53438C9D16C0F2AF006771DE /* Frameworks */,
				53438C9E16C0F2AF006771DE /* Resources */,
			);
			buildRules = (
			);
			dependencies = (
			);
			name = morph_blass;
			productName = morph_blass;
			productReference = 53438CA016C0F2AF006771DE /* morph_blass.app */;
			productType = "com.apple.product-type.application";
		};
		53438CC816C0F2B0006771DE /* morph_blassTests */ = {
			isa = PBXNativeTarget;
			buildConfigurationList = 53438CDE16C0F2B0006771DE /* Build configuration list for PBXNativeTarget "morph_blassTests" */;
			buildPhases = (
				53438CC416C0F2B0006771DE /* Sources */,
				53438CC516C0F2B0006771DE /* Frameworks */,
				53438CC616C0F2B0006771DE /* Resources */,
				53438CC716C0F2B0006771DE /* ShellScript */,
			);
			buildRules = (
			);
			dependencies = (
				53438CCF16C0F2B0006771DE /* PBXTargetDependency */,
			);
			name = morph_blassTests;
			productName = morph_blassTests;
			productReference = 53438CC916C0F2B0006771DE /* morph_blassTests.octest */;
			productType = "com.apple.product-type.bundle";
		};
/* End PBXNativeTarget section */

/* Begin PBXProject section */
		53438C9816C0F2AF006771DE /* Project object */ = {
			isa = PBXProject;
			attributes = {
				LastUpgradeCheck = 0460;
				ORGANIZATIONNAME = cnghwi;
			};
			buildConfigurationList = 53438C9B16C0F2AF006771DE /* Build configuration list for PBXProject "morph_blass" */;
			compatibilityVersion = "Xcode 3.2";
			developmentRegion = English;
			hasScannedForEncodings = 0;
			knownRegions = (
				en,
			);
			mainGroup = 53438C9716C0F2AF006771DE;
			productRefGroup = 53438CA116C0F2AF006771DE /* Products */;
			projectDirPath = "";
			projectRoot = "";
			targets = (
				53438C9F16C0F2AF006771DE /* morph_blass */,
				53438CC816C0F2B0006771DE /* morph_blassTests */,
			);
		};
/* End PBXProject section */

/* Begin PBXResourcesBuildPhase section */
		53438C9E16C0F2AF006771DE /* Resources */ = {
			isa = PBXResourcesBuildPhase;
			buildActionMask = 2147483647;
			files = (
				53438CAE16C0F2AF006771DE /* InfoPlist.strings in Resources */,
				53438CB616C0F2AF006771DE /* Default.png in Resources */,
				53438CB816C0F2AF006771DE /* Default@2x.png in Resources */,
				53438CE916C21409006771DE /* UI.png in Resources */,
				53438CBA16C0F2AF006771DE /* Default-568h@2x.png in Resources */,
				53438CBD16C0F2AF006771DE /* MainStoryboard_iPhone.storyboard in Resources */,
				53438CC016C0F2AF006771DE /* MainStoryboard_iPad.storyboard in Resources */,
				53438CEC16C25A93006771DE /* 001.mov in Resources */,
				53438CED16C25A93006771DE /* 002.mov in Resources */,
			);
			runOnlyForDeploymentPostprocessing = 0;
		};
		53438CC616C0F2B0006771DE /* Resources */ = {
			isa = PBXResourcesBuildPhase;
			buildActionMask = 2147483647;
			files = (
				53438CD516C0F2B0006771DE /* InfoPlist.strings in Resources */,
				53438CE816C1002E006771DE /* UI.png in Resources */,
			);
			runOnlyForDeploymentPostprocessing = 0;
		};
/* End PBXResourcesBuildPhase section */

/* Begin PBXShellScriptBuildPhase section */
		53438CC716C0F2B0006771DE /* ShellScript */ = {
			isa = PBXShellScriptBuildPhase;
			buildActionMask = 2147483647;
			files = (
			);
			inputPaths = (
			);
			outputPaths = (
			);
			runOnlyForDeploymentPostprocessing = 0;
			shellPath = /bin/sh;
			shellScript = "# Run the unit tests in this test bundle.\n\"${SYSTEM_DEVELOPER_DIR}/Tools/RunUnitTests\"\n";
		};
/* End PBXShellScriptBuildPhase section */

/* Begin PBXSourcesBuildPhase section */
		53438C9C16C0F2AF006771DE /* Sources */ = {
			isa = PBXSourcesBuildPhase;
			buildActionMask = 2147483647;
			files = (
				53438CB016C0F2AF006771DE /* main.m in Sources */,
				53438CB416C0F2AF006771DE /* AppDelegate.m in Sources */,
				53438CC316C0F2AF006771DE /* ViewController.m in Sources */,
			);
			runOnlyForDeploymentPostprocessing = 0;
		};
		53438CC416C0F2B0006771DE /* Sources */ = {
			isa = PBXSourcesBuildPhase;
			buildActionMask = 2147483647;
			files = (
				53438CD816C0F2B0006771DE /* morph_blassTests.m in Sources */,
			);
			runOnlyForDeploymentPostprocessing = 0;
		};
/* End PBXSourcesBuildPhase section */

/* Begin PBXTargetDependency section */
		53438CCF16C0F2B0006771DE /* PBXTargetDependency */ = {
			isa = PBXTargetDependency;
			target = 53438C9F16C0F2AF006771DE /* morph_blass */;
			targetProxy = 53438CCE16C0F2B0006771DE /* PBXContainerItemProxy */;
		};
/* End PBXTargetDependency section */

/* Begin PBXVariantGroup section */
		53438CAC16C0F2AF006771DE /* InfoPlist.strings */ = {
			isa = PBXVariantGroup;
			children = (
				53438CAD16C0F2AF006771DE /* en */,
			);
			name = InfoPlist.strings;
			sourceTree = "<group>";
		};
		53438CBB16C0F2AF006771DE /* MainStoryboard_iPhone.storyboard */ = {
			isa = PBXVariantGroup;
			children = (
				53438CBC16C0F2AF006771DE /* en */,
			);
			name = MainStoryboard_iPhone.storyboard;
			sourceTree = "<group>";
		};
		53438CBE16C0F2AF006771DE /* MainStoryboard_iPad.storyboard */ = {
			isa = PBXVariantGroup;
			children = (
				53438CBF16C0F2AF006771DE /* en */,
			);
			name = MainStoryboard_iPad.storyboard;
			sourceTree = "<group>";
		};
		53438CD316C0F2B0006771DE /* InfoPlist.strings */ = {
			isa = PBXVariantGroup;
			children = (
				53438CD416C0F2B0006771DE /* en */,
			);
			name = InfoPlist.strings;
			sourceTree = "<group>";
		};
/* End PBXVariantGroup section */

/* Begin XCBuildConfiguration section */
		53438CD916C0F2B0006771DE /* Debug */ = {
			isa = XCBuildConfiguration;
			buildSettings = {
				ALWAYS_SEARCH_USER_PATHS = NO;
				CLANG_CXX_LANGUAGE_STANDARD = "gnu++0x";
				CLANG_CXX_LIBRARY = "libc++";
				CLANG_ENABLE_OBJC_ARC = YES;
				CLANG_WARN_CONSTANT_CONVERSION = YES;
				CLANG_WARN_EMPTY_BODY = YES;
				CLANG_WARN_ENUM_CONVERSION = YES;
				CLANG_WARN_INT_CONVERSION = YES;
				CLANG_WARN__DUPLICATE_METHOD_MATCH = YES;
				"CODE_SIGN_IDENTITY[sdk=iphoneos*]" = "iPhone Developer";
				COPY_PHASE_STRIP = NO;
				GCC_C_LANGUAGE_STANDARD = gnu99;
				GCC_DYNAMIC_NO_PIC = NO;
				GCC_OPTIMIZATION_LEVEL = 0;
				GCC_PREPROCESSOR_DEFINITIONS = (
					"DEBUG=1",
					"$(inherited)",
				);
				GCC_SYMBOLS_PRIVATE_EXTERN = NO;
				GCC_WARN_ABOUT_RETURN_TYPE = YES;
				GCC_WARN_UNINITIALIZED_AUTOS = YES;
				GCC_WARN_UNUSED_VARIABLE = YES;
				IPHONEOS_DEPLOYMENT_TARGET = 6.1;
				ONLY_ACTIVE_ARCH = YES;
				SDKROOT = iphoneos;
				TARGETED_DEVICE_FAMILY = "1,2";
			};
			name = Debug;
		};
		53438CDA16C0F2B0006771DE /* Release */ = {
			isa = XCBuildConfiguration;
			buildSettings = {
				ALWAYS_SEARCH_USER_PATHS = NO;
				CLANG_CXX_LANGUAGE_STANDARD = "gnu++0x";
				CLANG_CXX_LIBRARY = "libc++";
				CLANG_ENABLE_OBJC_ARC = YES;
				CLANG_WARN_CONSTANT_CONVERSION = YES;
				CLANG_WARN_EMPTY_BODY = YES;
				CLANG_WARN_ENUM_CONVERSION = YES;
				CLANG_WARN_INT_CONVERSION = YES;
				CLANG_WARN__DUPLICATE_METHOD_MATCH = YES;
				"CODE_SIGN_IDENTITY[sdk=iphoneos*]" = "iPhone Developer";
				COPY_PHASE_STRIP = YES;
				GCC_C_LANGUAGE_STANDARD = gnu99;
				GCC_WARN_ABOUT_RETURN_TYPE = YES;
				GCC_WARN_UNINITIALIZED_AUTOS = YES;
				GCC_WARN_UNUSED_VARIABLE = YES;
				IPHONEOS_DEPLOYMENT_TARGET = 6.1;
				OTHER_CFLAGS = "-DNS_BLOCK_ASSERTIONS=1";
				SDKROOT = iphoneos;
				TARGETED_DEVICE_FAMILY = "1,2";
				VALIDATE_PRODUCT = YES;
			};
			name = Release;
		};
		53438CDC16C0F2B0006771DE /* Debug */ = {
			isa = XCBuildConfiguration;
			buildSettings = {
				GCC_PRECOMPILE_PREFIX_HEADER = YES;
				GCC_PREFIX_HEADER = "morph_blass/morph_blass-Prefix.pch";
				INFOPLIST_FILE = "morph_blass/morph_blass-Info.plist";
				PRODUCT_NAME = "$(TARGET_NAME)";
				WRAPPER_EXTENSION = app;
			};
			name = Debug;
		};
		53438CDD16C0F2B0006771DE /* Release */ = {
			isa = XCBuildConfiguration;
			buildSettings = {
				GCC_PRECOMPILE_PREFIX_HEADER = YES;
				GCC_PREFIX_HEADER = "morph_blass/morph_blass-Prefix.pch";
				INFOPLIST_FILE = "morph_blass/morph_blass-Info.plist";
				PRODUCT_NAME = "$(TARGET_NAME)";
				WRAPPER_EXTENSION = app;
			};
			name = Release;
		};
		53438CDF16C0F2B0006771DE /* Debug */ = {
			isa = XCBuildConfiguration;
			buildSettings = {
				BUNDLE_LOADER = "$(BUILT_PRODUCTS_DIR)/morph_blass.app/morph_blass";
				FRAMEWORK_SEARCH_PATHS = (
					"\"$(SDKROOT)/Developer/Library/Frameworks\"",
					"\"$(DEVELOPER_LIBRARY_DIR)/Frameworks\"",
				);
				GCC_PRECOMPILE_PREFIX_HEADER = YES;
				GCC_PREFIX_HEADER = "morph_blass/morph_blass-Prefix.pch";
				INFOPLIST_FILE = "morph_blassTests/morph_blassTests-Info.plist";
				PRODUCT_NAME = "$(TARGET_NAME)";
				TEST_HOST = "$(BUNDLE_LOADER)";
				WRAPPER_EXTENSION = octest;
			};
			name = Debug;
		};
		53438CE016C0F2B0006771DE /* Release */ = {
			isa = XCBuildConfiguration;
			buildSettings = {
				BUNDLE_LOADER = "$(BUILT_PRODUCTS_DIR)/morph_blass.app/morph_blass";
				FRAMEWORK_SEARCH_PATHS = (
					"\"$(SDKROOT)/Developer/Library/Frameworks\"",
					"\"$(DEVELOPER_LIBRARY_DIR)/Frameworks\"",
				);
				GCC_PRECOMPILE_PREFIX_HEADER = YES;
				GCC_PREFIX_HEADER = "morph_blass/morph_blass-Prefix.pch";
				INFOPLIST_FILE = "morph_blassTests/morph_blassTests-Info.plist";
				PRODUCT_NAME = "$(TARGET_NAME)";
				TEST_HOST = "$(BUNDLE_LOADER)";
				WRAPPER_EXTENSION = octest;
			};
			name = Release;
		};
/* End XCBuildConfiguration section */

/* Begin XCConfigurationList section */
		53438C9B16C0F2AF006771DE /* Build configuration list for PBXProject "morph_blass" */ = {
			isa = XCConfigurationList;
			buildConfigurations = (
				53438CD916C0F2B0006771DE /* Debug */,
				53438CDA16C0F2B0006771DE /* Release */,
			);
			defaultConfigurationIsVisible = 0;
			defaultConfigurationName = Release;
		};
		53438CDB16C0F2B0006771DE /* Build configuration list for PBXNativeTarget "morph_blass" */ = {
			isa = XCConfigurationList;
			buildConfigurations = (
				53438CDC16C0F2B0006771DE /* Debug */,
				53438CDD16C0F2B0006771DE /* Release */,
			);
			defaultConfigurationIsVisible = 0;
		};
		53438CDE16C0F2B0006771DE /* Build configuration list for PBXNativeTarget "morph_blassTests" */ = {
			isa = XCConfigurationList;
			buildConfigurations = (
				53438CDF16C0F2B0006771DE /* Debug */,
				53438CE016C0F2B0006771DE /* Release */,
			);
			defaultConfigurationIsVisible = 0;
		};
/* End XCConfigurationList section */
	};
	rootObject = 53438C9816C0F2AF006771DE /* Project object */;
}
